
Microsoft Visual Studio Solution File, Format Version 12.00
# Visual Studio Version 17
VisualStudioVersion = 17.14.36401.2 d17.14
MinimumVisualStudioVersion = 10.0.40219.1
Project("{FAE04EC0-301F-11D3-BF4B-00C04F79EFBC}") = "SorteoBackend", "SorteoBackend.csproj", "{D52879C9-E863-42C5-842B-30DD0E5FDA6C}"
EndProject
Global
	GlobalSection(SolutionConfigurationPlatforms) = preSolution
		Debug|Any CPU = Debug|Any CPU
		Release|Any CPU = Release|Any CPU
	EndGlobalSection
	GlobalSection(ProjectConfigurationPlatforms) = postSolution
		{D52879C9-E863-42C5-842B-30DD0E5FDA6C}.Debug|Any CPU.ActiveCfg = Debug|Any CPU
		{D52879C9-E863-42C5-842B-30DD0E5FDA6C}.Debug|Any CPU.Build.0 = Debug|Any CPU
		{D52879C9-E863-42C5-842B-30DD0E5FDA6C}.Release|Any CPU.ActiveCfg = Release|Any CPU
		{D52879C9-E863-42C5-842B-30DD0E5FDA6C}.Release|Any CPU.Build.0 = Release|Any CPU
	EndGlobalSection
	GlobalSection(SolutionProperties) = preSolution
		HideSolutionNode = FALSE
	EndGlobalSection
	GlobalSection(ExtensibilityGlobals) = postSolution
		SolutionGuid = {1A27F61D-ABA5-4104-B971-267F1392BDF0}
	EndGlobalSection
EndGlobal
